
Microsoft Visual Studio Solution File, Format Version 12.00
# Visual Studio Version 16
VisualStudioVersion = 16.0.31129.286
MinimumVisualStudioVersion = 10.0.40219.1
Project("{FAE04EC0-301F-11D3-BF4B-00C04F79EFBC}") = "ArregloCola", "ArregloCola\ArregloCola.csproj", "{7D8CD9FC-B1BE-456A-8178-CDE23F77E27C}"
EndProject
Global
	GlobalSection(SolutionConfigurationPlatforms) = preSolution
		Debug|Any CPU = Debug|Any CPU
		Release|Any CPU = Release|Any CPU
	EndGlobalSection
	GlobalSection(ProjectConfigurationPlatforms) = postSolution
		{7D8CD9FC-B1BE-456A-8178-CDE23F77E27C}.Debug|Any CPU.ActiveCfg = Debug|Any CPU
		{7D8CD9FC-B1BE-456A-8178-CDE23F77E27C}.Debug|Any CPU.Build.0 = Debug|Any CPU
		{7D8CD9FC-B1BE-456A-8178-CDE23F77E27C}.Release|Any CPU.ActiveCfg = Release|Any CPU
		{7D8CD9FC-B1BE-456A-8178-CDE23F77E27C}.Release|Any CPU.Build.0 = Release|Any CPU
	EndGlobalSection
	GlobalSection(SolutionProperties) = preSolution
		HideSolutionNode = FALSE
	EndGlobalSection
	GlobalSection(ExtensibilityGlobals) = postSolution
		SolutionGuid = {B41664F3-B274-4BAB-8417-EFEDFA3B3EF2}
	EndGlobalSection
EndGlobal
